
Microsoft Visual Studio Solution File, Format Version 12.00
# Visual Studio 15
VisualStudioVersion = 15.0.27703.2026
MinimumVisualStudioVersion = 10.0.40219.1
Project("{FAE04EC0-301F-11D3-BF4B-00C04F79EFBC}") = "Papyrus", "Papyrus\Papyrus.csproj", "{53FD4815-2461-4412-81A7-F4A75E79D37F}"
EndProject
Project("{FAE04EC0-301F-11D3-BF4B-00C04F79EFBC}") = "Papyrus.Core", "Papyrus.Core\Papyrus.Core.csproj", "{67AA8D08-CDCA-47CF-BD21-5306FD803FCE}"
EndProject
Global
	GlobalSection(SolutionConfigurationPlatforms) = preSolution
		Debug|Any CPU = Debug|Any CPU
		Release|Any CPU = Release|Any CPU
	EndGlobalSection
	GlobalSection(ProjectConfigurationPlatforms) = postSolution
		{53FD4815-2461-4412-81A7-F4A75E79D37F}.Debug|Any CPU.ActiveCfg = Debug|Any CPU
		{53FD4815-2461-4412-81A7-F4A75E79D37F}.Debug|Any CPU.Build.0 = Debug|Any CPU
		{53FD4815-2461-4412-81A7-F4A75E79D37F}.Release|Any CPU.ActiveCfg = Release|Any CPU
		{53FD4815-2461-4412-81A7-F4A75E79D37F}.Release|Any CPU.Build.0 = Release|Any CPU
		{67AA8D08-CDCA-47CF-BD21-5306FD803FCE}.Debug|Any CPU.ActiveCfg = Debug|Any CPU
		{67AA8D08-CDCA-47CF-BD21-5306FD803FCE}.Debug|Any CPU.Build.0 = Debug|Any CPU
		{67AA8D08-CDCA-47CF-BD21-5306FD803FCE}.Release|Any CPU.ActiveCfg = Release|Any CPU
		{67AA8D08-CDCA-47CF-BD21-5306FD803FCE}.Release|Any CPU.Build.0 = Release|Any CPU
	EndGlobalSection
	GlobalSection(SolutionProperties) = preSolution
		HideSolutionNode = FALSE
	EndGlobalSection
	GlobalSection(ExtensibilityGlobals) = postSolution
		SolutionGuid = {7DA9F3DD-5486-4697-AF14-2748490AADAE}
	EndGlobalSection
EndGlobal
